
Microsoft Visual Studio Solution File, Format Version 12.00
# Visual Studio Version 16
VisualStudioVersion = 16.0.30907.101
MinimumVisualStudioVersion = 10.0.40219.1
Project("{FAE04EC0-301F-11D3-BF4B-00C04F79EFBC}") = "Ropa_Guapa.Android", "Ropa_Guapa\Ropa_Guapa.Android\Ropa_Guapa.Android.csproj", "{DE9BF054-E322-4634-867D-EA1ED6949ACC}"
EndProject
Project("{FAE04EC0-301F-11D3-BF4B-00C04F79EFBC}") = "Ropa_Guapa.iOS", "Ropa_Guapa\Ropa_Guapa.iOS\Ropa_Guapa.iOS.csproj", "{11C170D0-9CF4-4254-99BA-5D2705C23756}"
EndProject
Project("{FAE04EC0-301F-11D3-BF4B-00C04F79EFBC}") = "Ropa_Guapa", "Ropa_Guapa\Ropa_Guapa\Ropa_Guapa.csproj", "{FD334540-2011-4032-AFFC-9ECC82E5D3EE}"
EndProject
Global
	GlobalSection(SolutionConfigurationPlatforms) = preSolution
		Debug|Any CPU = Debug|Any CPU
		Debug|iPhone = Debug|iPhone
		Debug|iPhoneSimulator = Debug|iPhoneSimulator
		Release|Any CPU = Release|Any CPU
		Release|iPhone = Release|iPhone
		Release|iPhoneSimulator = Release|iPhoneSimulator
	EndGlobalSection
	GlobalSection(ProjectConfigurationPlatforms) = postSolution
		{DE9BF054-E322-4634-867D-EA1ED6949ACC}.Debug|Any CPU.ActiveCfg = Debug|Any CPU
		{DE9BF054-E322-4634-867D-EA1ED6949ACC}.Debug|Any CPU.Build.0 = Debug|Any CPU
		{DE9BF054-E322-4634-867D-EA1ED6949ACC}.Debug|Any CPU.Deploy.0 = Debug|Any CPU
		{DE9BF054-E322-4634-867D-EA1ED6949ACC}.Debug|iPhone.ActiveCfg = Debug|Any CPU
		{DE9BF054-E322-4634-867D-EA1ED6949ACC}.Debug|iPhone.Build.0 = Debug|Any CPU
		{DE9BF054-E322-4634-867D-EA1ED6949ACC}.Debug|iPhone.Deploy.0 = Debug|Any CPU
		{DE9BF054-E322-4634-867D-EA1ED6949ACC}.Debug|iPhoneSimulator.ActiveCfg = Debug|Any CPU
		{DE9BF054-E322-4634-867D-EA1ED6949ACC}.Debug|iPhoneSimulator.Build.0 = Debug|Any CPU
		{DE9BF054-E322-4634-867D-EA1ED6949ACC}.Debug|iPhoneSimulator.Deploy.0 = Debug|Any CPU
		{DE9BF054-E322-4634-867D-EA1ED6949ACC}.Release|Any CPU.ActiveCfg = Release|Any CPU
		{DE9BF054-E322-4634-867D-EA1ED6949ACC}.Release|Any CPU.Build.0 = Release|Any CPU
		{DE9BF054-E322-4634-867D-EA1ED6949ACC}.Release|Any CPU.Deploy.0 = Release|Any CPU
		{DE9BF054-E322-4634-867D-EA1ED6949ACC}.Release|iPhone.ActiveCfg = Release|Any CPU
		{DE9BF054-E322-4634-867D-EA1ED6949ACC}.Release|iPhone.Build.0 = Release|Any CPU
		{DE9BF054-E322-4634-867D-EA1ED6949ACC}.Release|iPhone.Deploy.0 = Release|Any CPU
		{DE9BF054-E322-4634-867D-EA1ED6949ACC}.Release|iPhoneSimulator.ActiveCfg = Release|Any CPU
		{DE9BF054-E322-4634-867D-EA1ED6949ACC}.Release|iPhoneSimulator.Build.0 = Release|Any CPU
		{DE9BF054-E322-4634-867D-EA1ED6949ACC}.Release|iPhoneSimulator.Deploy.0 = Release|Any CPU
		{11C170D0-9CF4-4254-99BA-5D2705C23756}.Debug|Any CPU.ActiveCfg = Debug|iPhone
		{11C170D0-9CF4-4254-99BA-5D2705C23756}.Debug|Any CPU.Build.0 = Debug|iPhone
		{11C170D0-9CF4-4254-99BA-5D2705C23756}.Debug|Any CPU.Deploy.0 = Debug|iPhone
		{11C170D0-9CF4-4254-99BA-5D2705C23756}.Debug|iPhone.ActiveCfg = Debug|iPhone
		{11C170D0-9CF4-4254-99BA-5D2705C23756}.Debug|iPhone.Build.0 = Debug|iPhone
		{11C170D0-9CF4-4254-99BA-5D2705C23756}.Debug|iPhone.Deploy.0 = Debug|iPhone
		{11C170D0-9CF4-4254-99BA-5D2705C23756}.Debug|iPhoneSimulator.ActiveCfg = Debug|iPhoneSimulator
		{11C170D0-9CF4-4254-99BA-5D2705C23756}.Debug|iPhoneSimulator.Build.0 = Debug|iPhoneSimulator
		{11C170D0-9CF4-4254-99BA-5D2705C23756}.Debug|iPhoneSimulator.Deploy.0 = Debug|iPhoneSimulator
		{11C170D0-9CF4-4254-99BA-5D2705C23756}.Release|Any CPU.ActiveCfg = Release|iPhoneSimulator
		{11C170D0-9CF4-4254-99BA-5D2705C23756}.Release|Any CPU.Build.0 = Release|iPhoneSimulator
		{11C170D0-9CF4-4254-99BA-5D2705C23756}.Release|Any CPU.Deploy.0 = Release|iPhoneSimulator
		{11C170D0-9CF4-4254-99BA-5D2705C23756}.Release|iPhone.ActiveCfg = Release|iPhone
		{11C170D0-9CF4-4254-99BA-5D2705C23756}.Release|iPhone.Build.0 = Release|iPhone
		{11C170D0-9CF4-4254-99BA-5D2705C23756}.Release|iPhone.Deploy.0 = Release|iPhone
		{11C170D0-9CF4-4254-99BA-5D2705C23756}.Release|iPhoneSimulator.ActiveCfg = Release|iPhoneSimulator
		{11C170D0-9CF4-4254-99BA-5D2705C23756}.Release|iPhoneSimulator.Build.0 = Release|iPhoneSimulator
		{11C170D0-9CF4-4254-99BA-5D2705C23756}.Release|iPhoneSimulator.Deploy.0 = Release|iPhoneSimulator
		{FD334540-2011-4032-AFFC-9ECC82E5D3EE}.Debug|Any CPU.ActiveCfg = Debug|Any CPU
		{FD334540-2011-4032-AFFC-9ECC82E5D3EE}.Debug|Any CPU.Build.0 = Debug|Any CPU
		{FD334540-2011-4032-AFFC-9ECC82E5D3EE}.Debug|Any CPU.Deploy.0 = Debug|Any CPU
		{FD334540-2011-4032-AFFC-9ECC82E5D3EE}.Debug|iPhone.ActiveCfg = Debug|Any CPU
		{FD334540-2011-4032-AFFC-9ECC82E5D3EE}.Debug|iPhone.Build.0 = Debug|Any CPU
		{FD334540-2011-4032-AFFC-9ECC82E5D3EE}.Debug|iPhone.Deploy.0 = Debug|Any CPU
		{FD334540-2011-4032-AFFC-9ECC82E5D3EE}.Debug|iPhoneSimulator.ActiveCfg = Debug|Any CPU
		{FD334540-2011-4032-AFFC-9ECC82E5D3EE}.Debug|iPhoneSimulator.Build.0 = Debug|Any CPU
		{FD334540-2011-4032-AFFC-9ECC82E5D3EE}.Debug|iPhoneSimulator.Deploy.0 = Debug|Any CPU
		{FD334540-2011-4032-AFFC-9ECC82E5D3EE}.Release|Any CPU.ActiveCfg = Release|Any CPU
		{FD334540-2011-4032-AFFC-9ECC82E5D3EE}.Release|Any CPU.Build.0 = Release|Any CPU
		{FD334540-2011-4032-AFFC-9ECC82E5D3EE}.Release|Any CPU.Deploy.0 = Release|Any CPU
		{FD334540-2011-4032-AFFC-9ECC82E5D3EE}.Release|iPhone.ActiveCfg = Release|Any CPU
		{FD334540-2011-4032-AFFC-9ECC82E5D3EE}.Release|iPhone.Build.0 = Release|Any CPU
		{FD334540-2011-4032-AFFC-9ECC82E5D3EE}.Release|iPhone.Deploy.0 = Release|Any CPU
		{FD334540-2011-4032-AFFC-9ECC82E5D3EE}.Release|iPhoneSimulator.ActiveCfg = Release|Any CPU
		{FD334540-2011-4032-AFFC-9ECC82E5D3EE}.Release|iPhoneSimulator.Build.0 = Release|Any CPU
		{FD334540-2011-4032-AFFC-9ECC82E5D3EE}.Release|iPhoneSimulator.Deploy.0 = Release|Any CPU
	EndGlobalSection
	GlobalSection(SolutionProperties) = preSolution
		HideSolutionNode = FALSE
	EndGlobalSection
	GlobalSection(ExtensibilityGlobals) = postSolution
		SolutionGuid = {56AC585E-B311-4024-AA03-6222A5C2F2C1}
	EndGlobalSection
EndGlobal
